// !$*UTF8*$!
{
	archiveVersion = 1;
	classes = {
	};
	objectVersion = 46;
	objects = {

/* Begin PBXBuildFile section */
		90BF6BAD1F188E80008918AF /* main.m in Sources */ = {isa = PBXBuildFile; fileRef = 90BF6BAC1F188E80008918AF /* main.m */; };
		90BF6BB01F188E80008918AF /* AppDelegate.m in Sources */ = {isa = PBXBuildFile; fileRef = 90BF6BAF1F188E80008918AF /* AppDelegate.m */; };
		90BF6BB31F188E80008918AF /* ViewController.m in Sources */ = {isa = PBXBuildFile; fileRef = 90BF6BB21F188E80008918AF /* ViewController.m */; };
		90BF6BB61F188E80008918AF /* Main.storyboard in Resources */ = {isa = PBXBuildFile; fileRef = 90BF6BB41F188E80008918AF /* Main.storyboard */; };
		90BF6BB81F188E81008918AF /* Assets.xcassets in Resources */ = {isa = PBXBuildFile; fileRef = 90BF6BB71F188E81008918AF /* Assets.xcassets */; };
		90BF6BBB1F188E81008918AF /* LaunchScreen.storyboard in Resources */ = {isa = PBXBuildFile; fileRef = 90BF6BB91F188E81008918AF /* LaunchScreen.storyboard */; };
		90BF6BC61F188E81008918AF /* NativeAppSampleTests.m in Sources */ = {isa = PBXBuildFile; fileRef = 90BF6BC51F188E81008918AF /* NativeAppSampleTests.m */; };
		90BF6BD11F188E81008918AF /* NativeAppSampleUITests.m in Sources */ = {isa = PBXBuildFile; fileRef = 90BF6BD01F188E81008918AF /* NativeAppSampleUITests.m */; };
/* End PBXBuildFile section */

/* Begin PBXContainerItemProxy section */
		90BF6BC21F188E81008918AF /* PBXContainerItemProxy */ = {
			isa = PBXContainerItemProxy;
			containerPortal = 90BF6BA01F188E7F008918AF /* Project object */;
			proxyType = 1;
			remoteGlobalIDString = 90BF6BA71F188E80008918AF;
			remoteInfo = NativeAppSample;
		};
		90BF6BCD1F188E81008918AF /* PBXContainerItemProxy */ = {
			isa = PBXContainerItemProxy;
			containerPortal = 90BF6BA01F188E7F008918AF /* Project object */;
			proxyType = 1;
			remoteGlobalIDString = 90BF6BA71F188E80008918AF;
			remoteInfo = NativeAppSample;
		};
/* End PBXContainerItemProxy section */

/* Begin PBXFileReference section */
		90B57F9C1F18F37F002526EF /* NativeAppSample.entitlements */ = {isa = PBXFileReference; lastKnownFileType = text.xml; path = NativeAppSample.entitlements; sourceTree = "<group>"; };
		90BF6BA81F188E80008918AF /* NativeAppSample.app */ = {isa = PBXFileReference; explicitFileType = wrapper.application; includeInIndex = 0; path = NativeAppSample.app; sourceTree = BUILT_PRODUCTS_DIR; };
		90BF6BAC1F188E80008918AF /* main.m */ = {isa = PBXFileReference; lastKnownFileType = sourcecode.c.objc; path = main.m; sourceTree = "<group>"; };
		90BF6BAE1F188E80008918AF /* AppDelegate.h */ = {isa = PBXFileReference; lastKnownFileType = sourcecode.c.h; path = AppDelegate.h; sourceTree = "<group>"; };
		90BF6BAF1F188E80008918AF /* AppDelegate.m */ = {isa = PBXFileReference; lastKnownFileType = sourcecode.c.objc; path = AppDelegate.m; sourceTree = "<group>"; };
		90BF6BB11F188E80008918AF /* ViewController.h */ = {isa = PBXFileReference; lastKnownFileType = sourcecode.c.h; path = ViewController.h; sourceTree = "<group>"; };
		90BF6BB21F188E80008918AF /* ViewController.m */ = {isa = PBXFileReference; lastKnownFileType = sourcecode.c.objc; path = ViewController.m; sourceTree = "<group>"; };
		90BF6BB51F188E80008918AF /* Base */ = {isa = PBXFileReference; lastKnownFileType = file.storyboard; name = Base; path = Base.lproj/Main.storyboard; sourceTree = "<group>"; };
		90BF6BB71F188E81008918AF /* Assets.xcassets */ = {isa = PBXFileReference; lastKnownFileType = folder.assetcatalog; path = Assets.xcassets; sourceTree = "<group>"; };
		90BF6BBA1F188E81008918AF /* Base */ = {isa = PBXFileReference; lastKnownFileType = file.storyboard; name = Base; path = Base.lproj/LaunchScreen.storyboard; sourceTree = "<group>"; };
		90BF6BBC1F188E81008918AF /* Info.plist */ = {isa = PBXFileReference; lastKnownFileType = text.plist.xml; path = Info.plist; sourceTree = "<group>"; };
		90BF6BC11F188E81008918AF /* NativeAppSampleTests.xctest */ = {isa = PBXFileReference; explicitFileType = wrapper.cfbundle; includeInIndex = 0; path = NativeAppSampleTests.xctest; sourceTree = BUILT_PRODUCTS_DIR; };
		90BF6BC51F188E81008918AF /* NativeAppSampleTests.m */ = {isa = PBXFileReference; lastKnownFileType = sourcecode.c.objc; path = NativeAppSampleTests.m; sourceTree = "<group>"; };
		90BF6BC71F188E81008918AF /* Info.plist */ = {isa = PBXFileReference; lastKnownFileType = text.plist.xml; path = Info.plist; sourceTree = "<group>"; };
		90BF6BCC1F188E81008918AF /* NativeAppSampleUITests.xctest */ = {isa = PBXFileReference; explicitFileType = wrapper.cfbundle; includeInIndex = 0; path = NativeAppSampleUITests.xctest; sourceTree = BUILT_PRODUCTS_DIR; };
		90BF6BD01F188E81008918AF /* NativeAppSampleUITests.m */ = {isa = PBXFileReference; lastKnownFileType = sourcecode.c.objc; path = NativeAppSampleUITests.m; sourceTree = "<group>"; };
		90BF6BD21F188E81008918AF /* Info.plist */ = {isa = PBXFileReference; lastKnownFileType = text.plist.xml; path = Info.plist; sourceTree = "<group>"; };
/* End PBXFileReference section */

/* Begin PBXFrameworksBuildPhase section */
		90BF6BA51F188E80008918AF /* Frameworks */ = {
			isa = PBXFrameworksBuildPhase;
			buildActionMask = 2147483647;
			files = (
			);
			runOnlyForDeploymentPostprocessing = 0;
		};
		90BF6BBE1F188E81008918AF /* Frameworks */ = {
			isa = PBXFrameworksBuildPhase;
			buildActionMask = 2147483647;
			files = (
			);
			runOnlyForDeploymentPostprocessing = 0;
		};
		90BF6BC91F188E81008918AF /* Frameworks */ = {
			isa = PBXFrameworksBuildPhase;
			buildActionMask = 2147483647;
			files = (
			);
			runOnlyForDeploymentPostprocessing = 0;
		};
/* End PBXFrameworksBuildPhase section */

/* Begin PBXGroup section */
		90BF6B9F1F188E7F008918AF = {
			isa = PBXGroup;
			children = (
				90BF6BAA1F188E80008918AF /* NativeAppSample */,
				90BF6BC41F188E81008918AF /* NativeAppSampleTests */,
				90BF6BCF1F188E81008918AF /* NativeAppSampleUITests */,
				90BF6BA91F188E80008918AF /* Products */,
			);
			sourceTree = "<group>";
		};
		90BF6BA91F188E80008918AF /* Products */ = {
			isa = PBXGroup;
			children = (
				90BF6BA81F188E80008918AF /* NativeAppSample.app */,
				90BF6BC11F188E81008918AF /* NativeAppSampleTests.xctest */,
				90BF6BCC1F188E81008918AF /* NativeAppSampleUITests.xctest */,
			);
			name = Products;
			sourceTree = "<group>";
		};
		90BF6BAA1F188E80008918AF /* NativeAppSample */ = {
			isa = PBXGroup;
			children = (
				90B57F9C1F18F37F002526EF /* NativeAppSample.entitlements */,
				90BF6BAE1F188E80008918AF /* AppDelegate.h */,
				90BF6BAF1F188E80008918AF /* AppDelegate.m */,
				90BF6BB11F188E80008918AF /* ViewController.h */,
				90BF6BB21F188E80008918AF /* ViewController.m */,
				90BF6BB41F188E80008918AF /* Main.storyboard */,
				90BF6BB71F188E81008918AF /* Assets.xcassets */,
				90BF6BB91F188E81008918AF /* LaunchScreen.storyboard */,
				90BF6BBC1F188E81008918AF /* Info.plist */,
				90BF6BAB1F188E80008918AF /* Supporting Files */,
			);
			path = NativeAppSample;
			sourceTree = "<group>";
		};
		90BF6BAB1F188E80008918AF /* Supporting Files */ = {
			isa = PBXGroup;
			children = (
				90BF6BAC1F188E80008918AF /* main.m */,
			);
			name = "Supporting Files";
			sourceTree = "<group>";
		};
		90BF6BC41F188E81008918AF /* NativeAppSampleTests */ = {
			isa = PBXGroup;
			children = (
				90BF6BC51F188E81008918AF /* NativeAppSampleTests.m */,
				90BF6BC71F188E81008918AF /* Info.plist */,
			);
			path = NativeAppSampleTests;
			sourceTree = "<group>";
		};
		90BF6BCF1F188E81008918AF /* NativeAppSampleUITests */ = {
			isa = PBXGroup;
			children = (
				90BF6BD01F188E81008918AF /* NativeAppSampleUITests.m */,
				90BF6BD21F188E81008918AF /* Info.plist */,
			);
			path = NativeAppSampleUITests;
			sourceTree = "<group>";
		};
/* End PBXGroup section */

/* Begin PBXNativeTarget section */
		90BF6BA71F188E80008918AF /* NativeAppSample */ = {
			isa = PBXNativeTarget;
			buildConfigurationList = 90BF6BD51F188E81008918AF /* Build configuration list for PBXNativeTarget "NativeAppSample" */;
			buildPhases = (
				90BF6BA41F188E80008918AF /* Sources */,
				90BF6BA51F188E80008918AF /* Frameworks */,
				90BF6BA61F188E80008918AF /* Resources */,
			);
			buildRules = (
			);
			dependencies = (
			);
			name = NativeAppSample;
			productName = NativeAppSample;
			productReference = 90BF6BA81F188E80008918AF /* NativeAppSample.app */;
			productType = "com.apple.product-type.application";
		};
		90BF6BC01F188E81008918AF /* NativeAppSampleTests */ = {
			isa = PBXNativeTarget;
			buildConfigurationList = 90BF6BD81F188E81008918AF /* Build configuration list for PBXNativeTarget "NativeAppSampleTests" */;
			buildPhases = (
				90BF6BBD1F188E81008918AF /* Sources */,
				90BF6BBE1F188E81008918AF /* Frameworks */,
				90BF6BBF1F188E81008918AF /* Resources */,
			);
			buildRules = (
			);
			dependencies = (
				90BF6BC31F188E81008918AF /* PBXTargetDependency */,
			);
			name = NativeAppSampleTests;
			productName = NativeAppSampleTests;
			productReference = 90BF6BC11F188E81008918AF /* NativeAppSampleTests.xctest */;
			productType = "com.apple.product-type.bundle.unit-test";
		};
		90BF6BCB1F188E81008918AF /* NativeAppSampleUITests */ = {
			isa = PBXNativeTarget;
			buildConfigurationList = 90BF6BDB1F188E81008918AF /* Build configuration list for PBXNativeTarget "NativeAppSampleUITests" */;
			buildPhases = (
				90BF6BC81F188E81008918AF /* Sources */,
				90BF6BC91F188E81008918AF /* Frameworks */,
				90BF6BCA1F188E81008918AF /* Resources */,
			);
			buildRules = (
			);
			dependencies = (
				90BF6BCE1F188E81008918AF /* PBXTargetDependency */,
			);
			name = NativeAppSampleUITests;
			productName = NativeAppSampleUITests;
			productReference = 90BF6BCC1F188E81008918AF /* NativeAppSampleUITests.xctest */;
			productType = "com.apple.product-type.bundle.ui-testing";
		};
/* End PBXNativeTarget section */

/* Begin PBXProject section */
		90BF6BA01F188E7F008918AF /* Project object */ = {
			isa = PBXProject;
			attributes = {
				LastUpgradeCheck = 0730;
				ORGANIZATIONNAME = DeltecsDeltecs;
				TargetAttributes = {
					90BF6BA71F188E80008918AF = {
						CreatedOnToolsVersion = 7.3;
						DevelopmentTeam = W44UVUWZ59;
						SystemCapabilities = {
							com.apple.SafariKeychain = {
								enabled = 1;
							};
						};
					};
					90BF6BC01F188E81008918AF = {
						CreatedOnToolsVersion = 7.3;
						TestTargetID = 90BF6BA71F188E80008918AF;
					};
					90BF6BCB1F188E81008918AF = {
						CreatedOnToolsVersion = 7.3;
						TestTargetID = 90BF6BA71F188E80008918AF;
					};
				};
			};
			buildConfigurationList = 90BF6BA31F188E7F008918AF /* Build configuration list for PBXProject "NativeAppSample" */;
			compatibilityVersion = "Xcode 3.2";
			developmentRegion = English;
			hasScannedForEncodings = 0;
			knownRegions = (
				en,
				Base,
			);
			mainGroup = 90BF6B9F1F188E7F008918AF;
			productRefGroup = 90BF6BA91F188E80008918AF /* Products */;
			projectDirPath = "";
			projectRoot = "";
			targets = (
				90BF6BA71F188E80008918AF /* NativeAppSample */,
				90BF6BC01F188E81008918AF /* NativeAppSampleTests */,
				90BF6BCB1F188E81008918AF /* NativeAppSampleUITests */,
			);
		};
/* End PBXProject section */

/* Begin PBXResourcesBuildPhase section */
		90BF6BA61F188E80008918AF /* Resources */ = {
			isa = PBXResourcesBuildPhase;
			buildActionMask = 2147483647;
			files = (
				90BF6BBB1F188E81008918AF /* LaunchScreen.storyboard in Resources */,
				90BF6BB81F188E81008918AF /* Assets.xcassets in Resources */,
				90BF6BB61F188E80008918AF /* Main.storyboard in Resources */,
			);
			runOnlyForDeploymentPostprocessing = 0;
		};
		90BF6BBF1F188E81008918AF /* Resources */ = {
			isa = PBXResourcesBuildPhase;
			buildActionMask = 2147483647;
			files = (
			);
			runOnlyForDeploymentPostprocessing = 0;
		};
		90BF6BCA1F188E81008918AF /* Resources */ = {
			isa = PBXResourcesBuildPhase;
			buildActionMask = 2147483647;
			files = (
			);
			runOnlyForDeploymentPostprocessing = 0;
		};
/* End PBXResourcesBuildPhase section */

/* Begin PBXSourcesBuildPhase section */
		90BF6BA41F188E80008918AF /* Sources */ = {
			isa = PBXSourcesBuildPhase;
			buildActionMask = 2147483647;
			files = (
				90BF6BB31F188E80008918AF /* ViewController.m in Sources */,
				90BF6BB01F188E80008918AF /* AppDelegate.m in Sources */,
				90BF6BAD1F188E80008918AF /* main.m in Sources */,
			);
			runOnlyForDeploymentPostprocessing = 0;
		};
		90BF6BBD1F188E81008918AF /* Sources */ = {
			isa = PBXSourcesBuildPhase;
			buildActionMask = 2147483647;
			files = (
				90BF6BC61F188E81008918AF /* NativeAppSampleTests.m in Sources */,
			);
			runOnlyForDeploymentPostprocessing = 0;
		};
		90BF6BC81F188E81008918AF /* Sources */ = {
			isa = PBXSourcesBuildPhase;
			buildActionMask = 2147483647;
			files = (
				90BF6BD11F188E81008918AF /* NativeAppSampleUITests.m in Sources */,
			);
			runOnlyForDeploymentPostprocessing = 0;
		};
/* End PBXSourcesBuildPhase section */

/* Begin PBXTargetDependency section */
		90BF6BC31F188E81008918AF /* PBXTargetDependency */ = {
			isa = PBXTargetDependency;
			target = 90BF6BA71F188E80008918AF /* NativeAppSample */;
			targetProxy = 90BF6BC21F188E81008918AF /* PBXContainerItemProxy */;
		};
		90BF6BCE1F188E81008918AF /* PBXTargetDependency */ = {
			isa = PBXTargetDependency;
			target = 90BF6BA71F188E80008918AF /* NativeAppSample */;
			targetProxy = 90BF6BCD1F188E81008918AF /* PBXContainerItemProxy */;
		};
/* End PBXTargetDependency section */

/* Begin PBXVariantGroup section */
		90BF6BB41F188E80008918AF /* Main.storyboard */ = {
			isa = PBXVariantGroup;
			children = (
				90BF6BB51F188E80008918AF /* Base */,
			);
			name = Main.storyboard;
			sourceTree = "<group>";
		};
		90BF6BB91F188E81008918AF /* LaunchScreen.storyboard */ = {
			isa = PBXVariantGroup;
			children = (
				90BF6BBA1F188E81008918AF /* Base */,
			);
			name = LaunchScreen.storyboard;
			sourceTree = "<group>";
		};
/* End PBXVariantGroup section */

/* Begin XCBuildConfiguration section */
		90BF6BD31F188E81008918AF /* Debug */ = {
			isa = XCBuildConfiguration;
			buildSettings = {
				ALWAYS_SEARCH_USER_PATHS = NO;
				CLANG_ANALYZER_NONNULL = YES;
				CLANG_CXX_LANGUAGE_STANDARD = "gnu++0x";
				CLANG_CXX_LIBRARY = "libc++";
				CLANG_ENABLE_MODULES = YES;
				CLANG_ENABLE_OBJC_ARC = YES;
				CLANG_WARN_BOOL_CONVERSION = YES;
				CLANG_WARN_CONSTANT_CONVERSION = YES;
				CLANG_WARN_DIRECT_OBJC_ISA_USAGE = YES_ERROR;
				CLANG_WARN_EMPTY_BODY = YES;
				CLANG_WARN_ENUM_CONVERSION = YES;
				CLANG_WARN_INT_CONVERSION = YES;
				CLANG_WARN_OBJC_ROOT_CLASS = YES_ERROR;
				CLANG_WARN_UNREACHABLE_CODE = YES;
				CLANG_WARN__DUPLICATE_METHOD_MATCH = YES;
				"CODE_SIGN_IDENTITY[sdk=iphoneos*]" = "iPhone Developer";
				COPY_PHASE_STRIP = NO;
				DEBUG_INFORMATION_FORMAT = dwarf;
				ENABLE_STRICT_OBJC_MSGSEND = YES;
				ENABLE_TESTABILITY = YES;
				GCC_C_LANGUAGE_STANDARD = gnu99;
				GCC_DYNAMIC_NO_PIC = NO;
				GCC_NO_COMMON_BLOCKS = YES;
				GCC_OPTIMIZATION_LEVEL = 0;
				GCC_PREPROCESSOR_DEFINITIONS = (
					"DEBUG=1",
					"$(inherited)",
				);
				GCC_WARN_64_TO_32_BIT_CONVERSION = YES;
				GCC_WARN_ABOUT_RETURN_TYPE = YES_ERROR;
				GCC_WARN_UNDECLARED_SELECTOR = YES;
				GCC_WARN_UNINITIALIZED_AUTOS = YES_AGGRESSIVE;
				GCC_WARN_UNUSED_FUNCTION = YES;
				GCC_WARN_UNUSED_VARIABLE = YES;
				IPHONEOS_DEPLOYMENT_TARGET = 9.3;
				MTL_ENABLE_DEBUG_INFO = YES;
				ONLY_ACTIVE_ARCH = YES;
				SDKROOT = iphoneos;
				TARGETED_DEVICE_FAMILY = "1,2";
			};
			name = Debug;
		};
		90BF6BD41F188E81008918AF /* Release */ = {
			isa = XCBuildConfiguration;
			buildSettings = {
				ALWAYS_SEARCH_USER_PATHS = NO;
				CLANG_ANALYZER_NONNULL = YES;
				CLANG_CXX_LANGUAGE_STANDARD = "gnu++0x";
				CLANG_CXX_LIBRARY = "libc++";
				CLANG_ENABLE_MODULES = YES;
				CLANG_ENABLE_OBJC_ARC = YES;
				CLANG_WARN_BOOL_CONVERSION = YES;
				CLANG_WARN_CONSTANT_CONVERSION = YES;
				CLANG_WARN_DIRECT_OBJC_ISA_USAGE = YES_ERROR;
				CLANG_WARN_EMPTY_BODY = YES;
				CLANG_WARN_ENUM_CONVERSION = YES;
				CLANG_WARN_INT_CONVERSION = YES;
				CLANG_WARN_OBJC_ROOT_CLASS = YES_ERROR;
				CLANG_WARN_UNREACHABLE_CODE = YES;
				CLANG_WARN__DUPLICATE_METHOD_MATCH = YES;
				"CODE_SIGN_IDENTITY[sdk=iphoneos*]" = "iPhone Developer";
				COPY_PHASE_STRIP = NO;
				DEBUG_INFORMATION_FORMAT = "dwarf-with-dsym";
				ENABLE_NS_ASSERTIONS = NO;
				ENABLE_STRICT_OBJC_MSGSEND = YES;
				GCC_C_LANGUAGE_STANDARD = gnu99;
				GCC_NO_COMMON_BLOCKS = YES;
				GCC_WARN_64_TO_32_BIT_CONVERSION = YES;
				GCC_WARN_ABOUT_RETURN_TYPE = YES_ERROR;
				GCC_WARN_UNDECLARED_SELECTOR = YES;
				GCC_WARN_UNINITIALIZED_AUTOS = YES_AGGRESSIVE;
				GCC_WARN_UNUSED_FUNCTION = YES;
				GCC_WARN_UNUSED_VARIABLE = YES;
				IPHONEOS_DEPLOYMENT_TARGET = 9.3;
				MTL_ENABLE_DEBUG_INFO = NO;
				SDKROOT = iphoneos;
				TARGETED_DEVICE_FAMILY = "1,2";
				VALIDATE_PRODUCT = YES;
			};
			name = Release;
		};
		90BF6BD61F188E81008918AF /* Debug */ = {
			isa = XCBuildConfiguration;
			buildSettings = {
				ASSETCATALOG_COMPILER_APPICON_NAME = AppIcon;
				CODE_SIGN_ENTITLEMENTS = NativeAppSample/NativeAppSample.entitlements;
				INFOPLIST_FILE = NativeAppSample/Info.plist;
				IPHONEOS_DEPLOYMENT_TARGET = 7.0;
				LD_RUNPATH_SEARCH_PATHS = "$(inherited) @executable_path/Frameworks";
				PRODUCT_BUNDLE_IDENTIFIER = com.deltecs.DronaLite;
				PRODUCT_NAME = "$(TARGET_NAME)";
			};
			name = Debug;
		};
		90BF6BD71F188E81008918AF /* Release */ = {
			isa = XCBuildConfiguration;
			buildSettings = {
				ASSETCATALOG_COMPILER_APPICON_NAME = AppIcon;
				CODE_SIGN_ENTITLEMENTS = NativeAppSample/NativeAppSample.entitlements;
				INFOPLIST_FILE = NativeAppSample/Info.plist;
				IPHONEOS_DEPLOYMENT_TARGET = 7.0;
				LD_RUNPATH_SEARCH_PATHS = "$(inherited) @executable_path/Frameworks";
				PRODUCT_BUNDLE_IDENTIFIER = com.deltecs.DronaLite;
				PRODUCT_NAME = "$(TARGET_NAME)";
			};
			name = Release;
		};
		90BF6BD91F188E81008918AF /* Debug */ = {
			isa = XCBuildConfiguration;
			buildSettings = {
				BUNDLE_LOADER = "$(TEST_HOST)";
				INFOPLIST_FILE = NativeAppSampleTests/Info.plist;
				LD_RUNPATH_SEARCH_PATHS = "$(inherited) @executable_path/Frameworks @loader_path/Frameworks";
				PRODUCT_BUNDLE_IDENTIFIER = com.deltecscom.deltecs.NativeAppSampleTests;
				PRODUCT_NAME = "$(TARGET_NAME)";
				TEST_HOST = "$(BUILT_PRODUCTS_DIR)/NativeAppSample.app/NativeAppSample";
			};
			name = Debug;
		};
		90BF6BDA1F188E81008918AF /* Release */ = {
			isa = XCBuildConfiguration;
			buildSettings = {
				BUNDLE_LOADER = "$(TEST_HOST)";
				INFOPLIST_FILE = NativeAppSampleTests/Info.plist;
				LD_RUNPATH_SEARCH_PATHS = "$(inherited) @executable_path/Frameworks @loader_path/Frameworks";
				PRODUCT_BUNDLE_IDENTIFIER = com.deltecscom.deltecs.NativeAppSampleTests;
				PRODUCT_NAME = "$(TARGET_NAME)";
				TEST_HOST = "$(BUILT_PRODUCTS_DIR)/NativeAppSample.app/NativeAppSample";
			};
			name = Release;
		};
		90BF6BDC1F188E81008918AF /* Debug */ = {
			isa = XCBuildConfiguration;
			buildSettings = {
				INFOPLIST_FILE = NativeAppSampleUITests/Info.plist;
				LD_RUNPATH_SEARCH_PATHS = "$(inherited) @executable_path/Frameworks @loader_path/Frameworks";
				PRODUCT_BUNDLE_IDENTIFIER = com.deltecscom.deltecs.NativeAppSampleUITests;
				PRODUCT_NAME = "$(TARGET_NAME)";
				TEST_TARGET_NAME = NativeAppSample;
			};
			name = Debug;
		};
		90BF6BDD1F188E81008918AF /* Release */ = {
			isa = XCBuildConfiguration;
			buildSettings = {
				INFOPLIST_FILE = NativeAppSampleUITests/Info.plist;
				LD_RUNPATH_SEARCH_PATHS = "$(inherited) @executable_path/Frameworks @loader_path/Frameworks";
				PRODUCT_BUNDLE_IDENTIFIER = com.deltecscom.deltecs.NativeAppSampleUITests;
				PRODUCT_NAME = "$(TARGET_NAME)";
				TEST_TARGET_NAME = NativeAppSample;
			};
			name = Release;
		};
/* End XCBuildConfiguration section */

/* Begin XCConfigurationList section */
		90BF6BA31F188E7F008918AF /* Build configuration list for PBXProject "NativeAppSample" */ = {
			isa = XCConfigurationList;
			buildConfigurations = (
				90BF6BD31F188E81008918AF /* Debug */,
				90BF6BD41F188E81008918AF /* Release */,
			);
			defaultConfigurationIsVisible = 0;
			defaultConfigurationName = Release;
		};
		90BF6BD51F188E81008918AF /* Build configuration list for PBXNativeTarget "NativeAppSample" */ = {
			isa = XCConfigurationList;
			buildConfigurations = (
				90BF6BD61F188E81008918AF /* Debug */,
				90BF6BD71F188E81008918AF /* Release */,
			);
			defaultConfigurationIsVisible = 0;
			defaultConfigurationName = Release;
		};
		90BF6BD81F188E81008918AF /* Build configuration list for PBXNativeTarget "NativeAppSampleTests" */ = {
			isa = XCConfigurationList;
			buildConfigurations = (
				90BF6BD91F188E81008918AF /* Debug */,
				90BF6BDA1F188E81008918AF /* Release */,
			);
			defaultConfigurationIsVisible = 0;
			defaultConfigurationName = Release;
		};
		90BF6BDB1F188E81008918AF /* Build configuration list for PBXNativeTarget "NativeAppSampleUITests" */ = {
			isa = XCConfigurationList;
			buildConfigurations = (
				90BF6BDC1F188E81008918AF /* Debug */,
				90BF6BDD1F188E81008918AF /* Release */,
			);
			defaultConfigurationIsVisible = 0;
			defaultConfigurationName = Release;
		};
/* End XCConfigurationList section */
	};
	rootObject = 90BF6BA01F188E7F008918AF /* Project object */;
}
